
Microsoft Visual Studio Solution File, Format Version 12.00
# Visual Studio Version 17
VisualStudioVersion = 17.6.33712.159
MinimumVisualStudioVersion = 10.0.40219.1
Project("{FAE04EC0-301F-11D3-BF4B-00C04F79EFBC}") = "MobileStoreManagementApi", "MobileStoreManagementApi\MobileStoreManagementApi.csproj", "{0632BC09-5B64-4627-B722-C8D3A30D23DC}"
EndProject
Global
	GlobalSection(SolutionConfigurationPlatforms) = preSolution
		Debug|Any CPU = Debug|Any CPU
		Release|Any CPU = Release|Any CPU
	EndGlobalSection
	GlobalSection(ProjectConfigurationPlatforms) = postSolution
		{0632BC09-5B64-4627-B722-C8D3A30D23DC}.Debug|Any CPU.ActiveCfg = Debug|Any CPU
		{0632BC09-5B64-4627-B722-C8D3A30D23DC}.Debug|Any CPU.Build.0 = Debug|Any CPU
		{0632BC09-5B64-4627-B722-C8D3A30D23DC}.Release|Any CPU.ActiveCfg = Release|Any CPU
		{0632BC09-5B64-4627-B722-C8D3A30D23DC}.Release|Any CPU.Build.0 = Release|Any CPU
	EndGlobalSection
	GlobalSection(SolutionProperties) = preSolution
		HideSolutionNode = FALSE
	EndGlobalSection
	GlobalSection(ExtensibilityGlobals) = postSolution
		SolutionGuid = {8FF42883-43C3-476A-B769-EC8F14B25FBD}
	EndGlobalSection
EndGlobal
